
Microsoft Visual Studio Solution File, Format Version 12.00
# Visual Studio Version 17
VisualStudioVersion = 17.14.36414.22 d17.14
MinimumVisualStudioVersion = 10.0.40219.1
Project("{FAE04EC0-301F-11D3-BF4B-00C04F79EFBC}") = "uygulama 29", "uygulama 29\uygulama 29.csproj", "{68961921-EC42-4598-A011-71B9513147F6}"
EndProject
Global
	GlobalSection(SolutionConfigurationPlatforms) = preSolution
		Debug|Any CPU = Debug|Any CPU
		Release|Any CPU = Release|Any CPU
	EndGlobalSection
	GlobalSection(ProjectConfigurationPlatforms) = postSolution
		{68961921-EC42-4598-A011-71B9513147F6}.Debug|Any CPU.ActiveCfg = Debug|Any CPU
		{68961921-EC42-4598-A011-71B9513147F6}.Debug|Any CPU.Build.0 = Debug|Any CPU
		{68961921-EC42-4598-A011-71B9513147F6}.Release|Any CPU.ActiveCfg = Release|Any CPU
		{68961921-EC42-4598-A011-71B9513147F6}.Release|Any CPU.Build.0 = Release|Any CPU
	EndGlobalSection
	GlobalSection(SolutionProperties) = preSolution
		HideSolutionNode = FALSE
	EndGlobalSection
	GlobalSection(ExtensibilityGlobals) = postSolution
		SolutionGuid = {6F317F23-7D22-4BAC-B86D-AE5044FD9B79}
	EndGlobalSection
EndGlobal
