
Microsoft Visual Studio Solution File, Format Version 12.00
# Visual Studio Version 17
VisualStudioVersion = 17.14.36414.22 d17.14
MinimumVisualStudioVersion = 10.0.40219.1
Project("{FAE04EC0-301F-11D3-BF4B-00C04F79EFBC}") = "HER ZAMAN GENÇ VE GÜZELSİN", "HER ZAMAN GENÇ VE GÜZELSİN\HER ZAMAN GENÇ VE GÜZELSİN.csproj", "{877505BE-EFD9-4F04-A231-38209A84CB9B}"
EndProject
Global
	GlobalSection(SolutionConfigurationPlatforms) = preSolution
		Debug|Any CPU = Debug|Any CPU
		Release|Any CPU = Release|Any CPU
	EndGlobalSection
	GlobalSection(ProjectConfigurationPlatforms) = postSolution
		{877505BE-EFD9-4F04-A231-38209A84CB9B}.Debug|Any CPU.ActiveCfg = Debug|Any CPU
		{877505BE-EFD9-4F04-A231-38209A84CB9B}.Debug|Any CPU.Build.0 = Debug|Any CPU
		{877505BE-EFD9-4F04-A231-38209A84CB9B}.Release|Any CPU.ActiveCfg = Release|Any CPU
		{877505BE-EFD9-4F04-A231-38209A84CB9B}.Release|Any CPU.Build.0 = Release|Any CPU
	EndGlobalSection
	GlobalSection(SolutionProperties) = preSolution
		HideSolutionNode = FALSE
	EndGlobalSection
	GlobalSection(ExtensibilityGlobals) = postSolution
		SolutionGuid = {107A83A6-2590-45B8-B3C4-B08F7D0ACBE8}
	EndGlobalSection
EndGlobal
